
Microsoft Visual Studio Solution File, Format Version 12.00
# Visual Studio 14
VisualStudioVersion = 14.0.24720.0
MinimumVisualStudioVersion = 10.0.40219.1
Project("{FAE04EC0-301F-11D3-BF4B-00C04F79EFBC}") = "ExternalGuidedMotion", "ExternalGuidedMotion.csproj", "{670336B1-D70F-4647-9E49-57B6C1214C04}"
EndProject
Project("{FAE04EC0-301F-11D3-BF4B-00C04F79EFBC}") = "EgmTest", "..\EgmTest\EgmTest.csproj", "{4751BB47-8657-4D0B-8507-658A7A91B9F4}"
EndProject
Global
	GlobalSection(SolutionConfigurationPlatforms) = preSolution
		Debug|Any CPU = Debug|Any CPU
		Release|Any CPU = Release|Any CPU
	EndGlobalSection
	GlobalSection(ProjectConfigurationPlatforms) = postSolution
		{670336B1-D70F-4647-9E49-57B6C1214C04}.Debug|Any CPU.ActiveCfg = Debug|Any CPU
		{670336B1-D70F-4647-9E49-57B6C1214C04}.Debug|Any CPU.Build.0 = Debug|Any CPU
		{670336B1-D70F-4647-9E49-57B6C1214C04}.Release|Any CPU.ActiveCfg = Release|Any CPU
		{670336B1-D70F-4647-9E49-57B6C1214C04}.Release|Any CPU.Build.0 = Release|Any CPU
		{4751BB47-8657-4D0B-8507-658A7A91B9F4}.Debug|Any CPU.ActiveCfg = Debug|Any CPU
		{4751BB47-8657-4D0B-8507-658A7A91B9F4}.Debug|Any CPU.Build.0 = Debug|Any CPU
		{4751BB47-8657-4D0B-8507-658A7A91B9F4}.Release|Any CPU.ActiveCfg = Release|Any CPU
		{4751BB47-8657-4D0B-8507-658A7A91B9F4}.Release|Any CPU.Build.0 = Release|Any CPU
	EndGlobalSection
	GlobalSection(SolutionProperties) = preSolution
		HideSolutionNode = FALSE
	EndGlobalSection
EndGlobal
